
Microsoft Visual Studio Solution File, Format Version 12.00
# Blend for Visual Studio Version 17
VisualStudioVersion = 17.13.35825.156
MinimumVisualStudioVersion = 10.0.40219.1
Project("{9A19103F-16F7-4668-BE54-9A1E7A4F7556}") = "PaintDrawingAutomation", "PaintDrawingAutomation\PaintDrawingAutomation.csproj", "{60675C18-FF22-44CE-AE04-0EA381DAC2E4}"
EndProject
Project("{9A19103F-16F7-4668-BE54-9A1E7A4F7556}") = "MousePositionDisplayer", "MousePositionDisplayer\MousePositionDisplayer.csproj", "{741660E1-A214-4EFE-9CDC-FE84825E4F74}"
EndProject
Global
	GlobalSection(SolutionConfigurationPlatforms) = preSolution
		Debug|Any CPU = Debug|Any CPU
		Release|Any CPU = Release|Any CPU
	EndGlobalSection
	GlobalSection(ProjectConfigurationPlatforms) = postSolution
		{60675C18-FF22-44CE-AE04-0EA381DAC2E4}.Debug|Any CPU.ActiveCfg = Debug|Any CPU
		{60675C18-FF22-44CE-AE04-0EA381DAC2E4}.Debug|Any CPU.Build.0 = Debug|Any CPU
		{60675C18-FF22-44CE-AE04-0EA381DAC2E4}.Release|Any CPU.ActiveCfg = Release|Any CPU
		{60675C18-FF22-44CE-AE04-0EA381DAC2E4}.Release|Any CPU.Build.0 = Release|Any CPU
		{741660E1-A214-4EFE-9CDC-FE84825E4F74}.Debug|Any CPU.ActiveCfg = Debug|Any CPU
		{741660E1-A214-4EFE-9CDC-FE84825E4F74}.Debug|Any CPU.Build.0 = Debug|Any CPU
		{741660E1-A214-4EFE-9CDC-FE84825E4F74}.Release|Any CPU.ActiveCfg = Release|Any CPU
		{741660E1-A214-4EFE-9CDC-FE84825E4F74}.Release|Any CPU.Build.0 = Release|Any CPU
	EndGlobalSection
	GlobalSection(SolutionProperties) = preSolution
		HideSolutionNode = FALSE
	EndGlobalSection
	GlobalSection(ExtensibilityGlobals) = postSolution
		SolutionGuid = {1241FBF3-4B4D-4D8A-9403-AF2644114519}
	EndGlobalSection
EndGlobal
